{
	"name": "slava_cic_deposits",
	"version": "1.0.0",
	"lockfileVersion": 3,
	"requires": true,
	"packages": {
		"": {
			"name": "slava_cic_deposits",
			"version": "1.0.0",
			"license": "ISC",
			"dependencies": {
				"slava_cic_deposits": "^1.0.0"
			}
		},
		"node_modules/slava_cic_deposits": {
			"version": "1.0.0",
			"resolved": "https://registry.npmjs.org/slava_cic_deposits/-/slava_cic_deposits-1.0.0.tgz",
			"integrity": "sha512-RkAwCHOhA8L+GT0DLyXBNlO9E8cW46ewSg97NMBuuJMbNnLSG+5GHvRqDnE+SxxEhWVOHmMIJnTjG462L+qt+w=="
		}
	}
}
