{
	"name": "slava_cic_deposits",
	"version": "1.0.1",
	"lockfileVersion": 3,
	"requires": true,
	"packages": {
		"": {
			"name": "slava_cic_deposits",
			"version": "1.0.1",
			"license": "ISC",
			"dependencies": {
				"slava_cic_deposits": "^1.0.1"
			}
		},
		"node_modules/slava_cic_deposits": {
			"version": "1.0.1",
			"resolved": "https://registry.npmjs.org/slava_cic_deposits/-/slava_cic_deposits-1.0.1.tgz",
			"integrity": "sha512-UdywJ5eZDx6CqW97sZDUy0PP9/GaDThwal4Tds8aITRCZGYgbqILAEPWyeyrUExDF85aYMqw7W8i/Gjshg9gJg==",
			"dependencies": {
				"slava_cic_deposits": "^1.0.0"
			}
		}
	}
}
